
Microsoft Visual Studio Solution File, Format Version 12.00
# Visual Studio Version 16
VisualStudioVersion = 16.0.31702.278
MinimumVisualStudioVersion = 10.0.40219.1
Project("{FAE04EC0-301F-11D3-BF4B-00C04F79EFBC}") = "Coffee Shop Ordering System", "Coffee Shop Ordering System\Coffee Shop Ordering System.csproj", "{AE26A89A-10E4-494A-AFFA-7643000EAA14}"
EndProject
Project("{FAE04EC0-301F-11D3-BF4B-00C04F79EFBC}") = "CafeManagement", "CafeBillingSystem_C# - Orig\CafeBillingSystem\CafeManagement\CafeManagement.csproj", "{EEB6C12A-7A60-4910-8D92-0FF0E3A17D9A}"
EndProject
Global
	GlobalSection(SolutionConfigurationPlatforms) = preSolution
		Debug|Any CPU = Debug|Any CPU
		Release|Any CPU = Release|Any CPU
	EndGlobalSection
	GlobalSection(ProjectConfigurationPlatforms) = postSolution
		{AE26A89A-10E4-494A-AFFA-7643000EAA14}.Debug|Any CPU.ActiveCfg = Debug|Any CPU
		{AE26A89A-10E4-494A-AFFA-7643000EAA14}.Debug|Any CPU.Build.0 = Debug|Any CPU
		{AE26A89A-10E4-494A-AFFA-7643000EAA14}.Release|Any CPU.ActiveCfg = Release|Any CPU
		{AE26A89A-10E4-494A-AFFA-7643000EAA14}.Release|Any CPU.Build.0 = Release|Any CPU
		{EEB6C12A-7A60-4910-8D92-0FF0E3A17D9A}.Debug|Any CPU.ActiveCfg = Debug|Any CPU
		{EEB6C12A-7A60-4910-8D92-0FF0E3A17D9A}.Debug|Any CPU.Build.0 = Debug|Any CPU
		{EEB6C12A-7A60-4910-8D92-0FF0E3A17D9A}.Release|Any CPU.ActiveCfg = Release|Any CPU
		{EEB6C12A-7A60-4910-8D92-0FF0E3A17D9A}.Release|Any CPU.Build.0 = Release|Any CPU
	EndGlobalSection
	GlobalSection(SolutionProperties) = preSolution
		HideSolutionNode = FALSE
	EndGlobalSection
	GlobalSection(ExtensibilityGlobals) = postSolution
		SolutionGuid = {F84BD68F-8101-410D-BD45-4165EF408C10}
	EndGlobalSection
EndGlobal
